{
  "originHash" : "63d1c0ef3b0562b895f01938593829c91c1da9de9c647d959b28a89c1d379066",
  "pins" : [
    {
      "identity" : "collectionandtableviewupdateconveniences",
      "kind" : "remoteSourceControl",
      "location" : "https://github.com/Frizlab/CollectionAndTableViewUpdateConveniences.git",
      "state" : {
        "revision" : "1b857d8fb5e260f504f89c02c635ba7ad2f60f50",
        "version" : "1.0.3"
      }
    },
    {
      "identity" : "kvobserver",
      "kind" : "remoteSourceControl",
      "location" : "https://github.com/Frizlab/KVObserver.git",
      "state" : {
        "revision" : "6b6252489a2b1cdb67857576962676b6cb6c679a",
        "version" : "0.9.5"
      }
    },
    {
      "identity" : "retryingoperation",
      "kind" : "remoteSourceControl",
      "location" : "https://github.com/Frizlab/RetryingOperation.git",
      "state" : {
        "revision" : "eef4de25941f967bbe6707460c40c60ec808c2ce",
        "version" : "1.1.6"
      }
    },
    {
      "identity" : "swift-log",
      "kind" : "remoteSourceControl",
      "location" : "https://github.com/apple/swift-log.git",
      "state" : {
        "revision" : "173f567a2dfec11d74588eea82cecea555bdc0bc",
        "version" : "1.4.0"
      }
    },
    {
      "identity" : "xibloc",
      "kind" : "remoteSourceControl",
      "location" : "git@github.com:happn-app/XibLoc.git",
      "state" : {
        "revision" : "e3fc0c240c87e9c3549420f16f6e8ee39809cf19",
        "version" : "1.1.1"
      }
    }
  ],
  "version" : 3
}
