// !$*UTF8*$!
{
	archiveVersion = 1;
	classes = {
	};
	objectVersion = 52;
	objects = {

/* Begin PBXBuildFile section */
		0FB4B0FC10074B20005292C4 /* MapKit.framework in Frameworks */ = {isa = PBXBuildFile; fileRef = 0FB4B0FB10074B20005292C4 /* MapKit.framework */; };
		0FBBCBA9100A9F67003679A8 /* CoreLocation.framework in Frameworks */ = {isa = PBXBuildFile; fileRef = 0FBBCBA8100A9F67003679A8 /* CoreLocation.framework */; };
		1D60589F0D05DD5A006BFB54 /* Foundation.framework in Frameworks */ = {isa = PBXBuildFile; fileRef = 1D30AB110D05D00D00671497 /* Foundation.framework */; };
		1DF5F4E00D08C38300B7A737 /* UIKit.framework in Frameworks */ = {isa = PBXBuildFile; fileRef = 1DF5F4DF0D08C38300B7A737 /* UIKit.framework */; };
		288765590DF743DE002DB57D /* CoreGraphics.framework in Frameworks */ = {isa = PBXBuildFile; fileRef = 288765580DF743DE002DB57D /* CoreGraphics.framework */; };
		7B06D3A922EC8D27000D31B9 /* DataHandler.swift in Sources */ = {isa = PBXBuildFile; fileRef = 7B06D3A822EC8D27000D31B9 /* DataHandler.swift */; };
		7B08CFC622BA96AF00BE6E3F /* RecordingDetailsViewController.swift in Sources */ = {isa = PBXBuildFile; fileRef = 7B08CFC522BA96AF00BE6E3F /* RecordingDetailsViewController.swift */; };
		7B0F344C22BA9DFA00F0F9EC /* SettingsViewController.swift in Sources */ = {isa = PBXBuildFile; fileRef = 7B0F344B22BA9DFA00F0F9EC /* SettingsViewController.swift */; };
		7B1024FD22BA19A7008BF119 /* MapViewController.swift in Sources */ = {isa = PBXBuildFile; fileRef = 7B1024FC22BA19A7008BF119 /* MapViewController.swift */; };
		7B1AC2632335AABB00B6F06A /* KVObserver in Frameworks */ = {isa = PBXBuildFile; productRef = 7B1AC2622335AABB00B6F06A /* KVObserver */; };
		7B1AC2662335AAD600B6F06A /* RetryingOperation in Frameworks */ = {isa = PBXBuildFile; productRef = 7B1AC2652335AAD600B6F06A /* RetryingOperation */; };
		7B1AC2692335AB2000B6F06A /* XibLoc in Frameworks */ = {isa = PBXBuildFile; productRef = 7B1AC2682335AB2000B6F06A /* XibLoc */; };
		7B23D9BA22B90BB20007BA61 /* InfoViewController.swift in Sources */ = {isa = PBXBuildFile; fileRef = 7B23D9B922B90BB20007BA61 /* InfoViewController.swift */; };
		7B27B9291DCDF6B1006F44B7 /* Assets.xcassets in Resources */ = {isa = PBXBuildFile; fileRef = 7B27B9281DCDF6B1006F44B7 /* Assets.xcassets */; };
		7B28FFD82476E9590063E26A /* InfoPlist.strings in Resources */ = {isa = PBXBuildFile; fileRef = 7B28FFDA2476E9590063E26A /* InfoPlist.strings */; };
		7B4487A0247199CC00B6DB7B /* Utils.swift in Sources */ = {isa = PBXBuildFile; fileRef = 7B44879F247199CC00B6DB7B /* Utils.swift */; };
		7B4487A1247199EA00B6DB7B /* VSOUtils.m in Sources */ = {isa = PBXBuildFile; fileRef = 0F79F69F10203DAE00AF7FF1 /* VSOUtils.m */; };
		7B4487A324719ADF00B6DB7B /* Utils+UI.swift in Sources */ = {isa = PBXBuildFile; fileRef = 7B4487A224719ADF00B6DB7B /* Utils+UI.swift */; };
		7B4487A524719C5000B6DB7B /* Utils+Language.swift in Sources */ = {isa = PBXBuildFile; fileRef = 7B4487A424719C5000B6DB7B /* Utils+Language.swift */; };
		7B4487A72471CA1100B6DB7B /* GPSStoneLocTokens.swift in Sources */ = {isa = PBXBuildFile; fileRef = 7B4487A62471CA1100B6DB7B /* GPSStoneLocTokens.swift */; };
		7B482CE11DCA8ADD007B5ABC /* Localizable.strings in Resources */ = {isa = PBXBuildFile; fileRef = 7B482CDF1DCA8ADD007B5ABC /* Localizable.strings */; };
		7B482CE51DCA95F4007B5ABC /* LaunchScreen.storyboard in Resources */ = {isa = PBXBuildFile; fileRef = 7B482CE41DCA95F4007B5ABC /* LaunchScreen.storyboard */; };
		7B482CE61DCA975F007B5ABC /* Main.storyboard in Resources */ = {isa = PBXBuildFile; fileRef = 7B482CE81DCA975F007B5ABC /* Main.storyboard */; };
		7B5108F722BA57E60038CEAC /* RecordingsListViewController.swift in Sources */ = {isa = PBXBuildFile; fileRef = 7B5108F622BA57E60038CEAC /* RecordingsListViewController.swift */; };
		7B75989C246EF7BA00BC7EB1 /* TimeSegment+Utils.swift in Sources */ = {isa = PBXBuildFile; fileRef = 7B75989B246EF7BA00BC7EB1 /* TimeSegment+Utils.swift */; };
		7B93E38222A184ED00709971 /* LocationRecorder.swift in Sources */ = {isa = PBXBuildFile; fileRef = 7B93E38122A184ED00709971 /* LocationRecorder.swift */; };
		7B94D1E222A0169600848832 /* AppDelegate.swift in Sources */ = {isa = PBXBuildFile; fileRef = 7B94D1E122A0169600848832 /* AppDelegate.swift */; };
		7B94D1E622A0191700848832 /* ServicesProvider.swift in Sources */ = {isa = PBXBuildFile; fileRef = 7B94D1E522A0191700848832 /* ServicesProvider.swift */; };
		7B94D1E822A0194100848832 /* Constants.swift in Sources */ = {isa = PBXBuildFile; fileRef = 7B94D1E722A0194100848832 /* Constants.swift */; };
		7B94D1EA22A0197900848832 /* AppSettings.swift in Sources */ = {isa = PBXBuildFile; fileRef = 7B94D1E922A0197900848832 /* AppSettings.swift */; };
		7BAE22DE22DB75C000AB6C33 /* Model.xcdatamodeld in Sources */ = {isa = PBXBuildFile; fileRef = 7BAE22DC22DB75C000AB6C33 /* Model.xcdatamodeld */; };
		7BB90DC7248BECFD001ED9E7 /* Obs_Localizable.strings in Resources */ = {isa = PBXBuildFile; fileRef = 7BB90DC9248BECFD001ED9E7 /* Obs_Localizable.strings */; };
		7BC43307233624DD00C59752 /* CollectionAndTableViewUpdateConveniences in Frameworks */ = {isa = PBXBuildFile; productRef = 7BC43306233624DD00C59752 /* CollectionAndTableViewUpdateConveniences */; };
		7BD0A05922B9576500934656 /* DetailsViewController.swift in Sources */ = {isa = PBXBuildFile; fileRef = 7BD0A05822B9576500934656 /* DetailsViewController.swift */; };
		7BE9FF9D22AC1BC6006DED15 /* RecordingsManager.swift in Sources */ = {isa = PBXBuildFile; fileRef = 7BE9FF9C22AC1BC6006DED15 /* RecordingsManager.swift */; };
		7BEED1BF22B6C0F700A055B9 /* MainViewController.swift in Sources */ = {isa = PBXBuildFile; fileRef = 7BEED1BE22B6C0F700A055B9 /* MainViewController.swift */; };
		7BEF77FC22EFA23B001B79DB /* Recording+Utils.swift in Sources */ = {isa = PBXBuildFile; fileRef = 7BEF77FB22EFA23B001B79DB /* Recording+Utils.swift */; };
/* End PBXBuildFile section */

/* Begin PBXFileReference section */
		0F34802810089A9700E88124 /* Obs_MapViewController.h */ = {isa = PBXFileReference; fileEncoding = 4; lastKnownFileType = sourcecode.c.h; path = Obs_MapViewController.h; sourceTree = "<group>"; };
		0F34802910089A9700E88124 /* Obs_MapViewController.m */ = {isa = PBXFileReference; fileEncoding = 4; lastKnownFileType = sourcecode.c.objc; path = Obs_MapViewController.m; sourceTree = "<group>"; };
		0F48CE5D1029AD88008C524D /* AddressBookUI.framework */ = {isa = PBXFileReference; lastKnownFileType = wrapper.framework; name = AddressBookUI.framework; path = System/Library/Frameworks/AddressBookUI.framework; sourceTree = SDKROOT; };
		0F48CE7C1029AF9D008C524D /* AddressBook.framework */ = {isa = PBXFileReference; lastKnownFileType = wrapper.framework; name = AddressBook.framework; path = System/Library/Frameworks/AddressBook.framework; sourceTree = SDKROOT; };
		0F79F69E10203DAE00AF7FF1 /* VSOUtils.h */ = {isa = PBXFileReference; fileEncoding = 4; lastKnownFileType = sourcecode.c.h; path = VSOUtils.h; sourceTree = "<group>"; };
		0F79F69F10203DAE00AF7FF1 /* VSOUtils.m */ = {isa = PBXFileReference; fileEncoding = 4; lastKnownFileType = sourcecode.c.objc; path = VSOUtils.m; sourceTree = "<group>"; };
		0FA3D1DC10302ED80098760F /* MessageUI.framework */ = {isa = PBXFileReference; lastKnownFileType = wrapper.framework; name = MessageUI.framework; path = System/Library/Frameworks/MessageUI.framework; sourceTree = SDKROOT; };
		0FB4B0FB10074B20005292C4 /* MapKit.framework */ = {isa = PBXFileReference; lastKnownFileType = wrapper.framework; name = MapKit.framework; path = System/Library/Frameworks/MapKit.framework; sourceTree = SDKROOT; };
		0FBBCBA8100A9F67003679A8 /* CoreLocation.framework */ = {isa = PBXFileReference; lastKnownFileType = wrapper.framework; name = CoreLocation.framework; path = System/Library/Frameworks/CoreLocation.framework; sourceTree = SDKROOT; };
		1D30AB110D05D00D00671497 /* Foundation.framework */ = {isa = PBXFileReference; lastKnownFileType = wrapper.framework; name = Foundation.framework; path = System/Library/Frameworks/Foundation.framework; sourceTree = SDKROOT; };
		1D6058910D05DD3D006BFB54 /* GPS Stone.app */ = {isa = PBXFileReference; explicitFileType = wrapper.application; includeInIndex = 0; path = "GPS Stone.app"; sourceTree = BUILT_PRODUCTS_DIR; };
		1DF5F4DF0D08C38300B7A737 /* UIKit.framework */ = {isa = PBXFileReference; lastKnownFileType = wrapper.framework; name = UIKit.framework; path = System/Library/Frameworks/UIKit.framework; sourceTree = SDKROOT; };
		288765580DF743DE002DB57D /* CoreGraphics.framework */ = {isa = PBXFileReference; lastKnownFileType = wrapper.framework; name = CoreGraphics.framework; path = System/Library/Frameworks/CoreGraphics.framework; sourceTree = SDKROOT; };
		7B06D3A822EC8D27000D31B9 /* DataHandler.swift */ = {isa = PBXFileReference; lastKnownFileType = sourcecode.swift; path = DataHandler.swift; sourceTree = "<group>"; };
		7B08CFC522BA96AF00BE6E3F /* RecordingDetailsViewController.swift */ = {isa = PBXFileReference; lastKnownFileType = sourcecode.swift; path = RecordingDetailsViewController.swift; sourceTree = "<group>"; };
		7B0F344B22BA9DFA00F0F9EC /* SettingsViewController.swift */ = {isa = PBXFileReference; lastKnownFileType = sourcecode.swift; path = SettingsViewController.swift; sourceTree = "<group>"; };
		7B1024FC22BA19A7008BF119 /* MapViewController.swift */ = {isa = PBXFileReference; lastKnownFileType = sourcecode.swift; path = MapViewController.swift; sourceTree = "<group>"; };
		7B23D9B922B90BB20007BA61 /* InfoViewController.swift */ = {isa = PBXFileReference; lastKnownFileType = sourcecode.swift; path = InfoViewController.swift; sourceTree = "<group>"; };
		7B27B9281DCDF6B1006F44B7 /* Assets.xcassets */ = {isa = PBXFileReference; lastKnownFileType = folder.assetcatalog; path = Assets.xcassets; sourceTree = "<group>"; };
		7B28FFD92476E9590063E26A /* en */ = {isa = PBXFileReference; lastKnownFileType = text.plist.strings; name = en; path = en.lproj/InfoPlist.strings; sourceTree = "<group>"; };
		7B44879F247199CC00B6DB7B /* Utils.swift */ = {isa = PBXFileReference; lastKnownFileType = sourcecode.swift; path = Utils.swift; sourceTree = "<group>"; };
		7B4487A224719ADF00B6DB7B /* Utils+UI.swift */ = {isa = PBXFileReference; lastKnownFileType = sourcecode.swift; path = "Utils+UI.swift"; sourceTree = "<group>"; };
		7B4487A424719C5000B6DB7B /* Utils+Language.swift */ = {isa = PBXFileReference; lastKnownFileType = sourcecode.swift; path = "Utils+Language.swift"; sourceTree = "<group>"; };
		7B4487A62471CA1100B6DB7B /* GPSStoneLocTokens.swift */ = {isa = PBXFileReference; lastKnownFileType = sourcecode.swift; path = GPSStoneLocTokens.swift; sourceTree = "<group>"; };
		7B482CE01DCA8ADD007B5ABC /* en */ = {isa = PBXFileReference; lastKnownFileType = text.plist.strings; name = en; path = en.lproj/Localizable.strings; sourceTree = "<group>"; };
		7B482CE41DCA95F4007B5ABC /* LaunchScreen.storyboard */ = {isa = PBXFileReference; fileEncoding = 4; lastKnownFileType = file.storyboard; path = LaunchScreen.storyboard; sourceTree = "<group>"; };
		7B482CE91DCA976E007B5ABC /* Base */ = {isa = PBXFileReference; lastKnownFileType = file.storyboard; name = Base; path = Base.lproj/Main.storyboard; sourceTree = "<group>"; };
		7B5108F622BA57E60038CEAC /* RecordingsListViewController.swift */ = {isa = PBXFileReference; lastKnownFileType = sourcecode.swift; path = RecordingsListViewController.swift; sourceTree = "<group>"; };
		7B75989B246EF7BA00BC7EB1 /* TimeSegment+Utils.swift */ = {isa = PBXFileReference; lastKnownFileType = sourcecode.swift; path = "TimeSegment+Utils.swift"; sourceTree = "<group>"; };
		7B93E38122A184ED00709971 /* LocationRecorder.swift */ = {isa = PBXFileReference; lastKnownFileType = sourcecode.swift; path = LocationRecorder.swift; sourceTree = "<group>"; };
		7B94D1E122A0169600848832 /* AppDelegate.swift */ = {isa = PBXFileReference; lastKnownFileType = sourcecode.swift; path = AppDelegate.swift; sourceTree = "<group>"; };
		7B94D1E522A0191700848832 /* ServicesProvider.swift */ = {isa = PBXFileReference; lastKnownFileType = sourcecode.swift; path = ServicesProvider.swift; sourceTree = "<group>"; };
		7B94D1E722A0194100848832 /* Constants.swift */ = {isa = PBXFileReference; lastKnownFileType = sourcecode.swift; path = Constants.swift; sourceTree = "<group>"; };
		7B94D1E922A0197900848832 /* AppSettings.swift */ = {isa = PBXFileReference; lastKnownFileType = sourcecode.swift; path = AppSettings.swift; sourceTree = "<group>"; };
		7B94D1EB22A0389400848832 /* Readme.md */ = {isa = PBXFileReference; lastKnownFileType = net.daringfireball.markdown; path = Readme.md; sourceTree = "<group>"; };
		7B96A7CA229F1B5300267DBD /* GPS Stone.entitlements */ = {isa = PBXFileReference; lastKnownFileType = text.plist.entitlements; path = "GPS Stone.entitlements"; sourceTree = "<group>"; };
		7B9CD98F2481296200CF4E14 /* en */ = {isa = PBXFileReference; lastKnownFileType = text.plist.strings; name = en; path = en.lproj/Main.strings; sourceTree = "<group>"; };
		7BA2A5EA1F2E013A0014603B /* Test Recording.gpx */ = {isa = PBXFileReference; lastKnownFileType = text.xml; path = "Test Recording.gpx"; sourceTree = "<group>"; };
		7BAE22DD22DB75C000AB6C33 /* Model.xcdatamodel */ = {isa = PBXFileReference; lastKnownFileType = wrapper.xcdatamodel; path = Model.xcdatamodel; sourceTree = "<group>"; };
		7BB90DC8248BECFD001ED9E7 /* en */ = {isa = PBXFileReference; lastKnownFileType = text.plist.strings; name = en; path = en.lproj/Obs_Localizable.strings; sourceTree = "<group>"; };
		7BB90DCA248BFF4E001ED9E7 /* Scripts */ = {isa = PBXFileReference; lastKnownFileType = folder; path = Scripts; sourceTree = "<group>"; };
		7BD0A05822B9576500934656 /* DetailsViewController.swift */ = {isa = PBXFileReference; lastKnownFileType = sourcecode.swift; path = DetailsViewController.swift; sourceTree = "<group>"; };
		7BE9FF9C22AC1BC6006DED15 /* RecordingsManager.swift */ = {isa = PBXFileReference; lastKnownFileType = sourcecode.swift; path = RecordingsManager.swift; sourceTree = "<group>"; };
		7BEED1BE22B6C0F700A055B9 /* MainViewController.swift */ = {isa = PBXFileReference; lastKnownFileType = sourcecode.swift; path = MainViewController.swift; sourceTree = "<group>"; };
		7BEF77FB22EFA23B001B79DB /* Recording+Utils.swift */ = {isa = PBXFileReference; lastKnownFileType = sourcecode.swift; path = "Recording+Utils.swift"; sourceTree = "<group>"; };
		8D1107310486CEB800E47090 /* GPSStone-Info.plist */ = {isa = PBXFileReference; fileEncoding = 4; lastKnownFileType = text.plist.xml; path = "GPSStone-Info.plist"; plistStructureDefinitionIdentifier = "com.apple.xcode.plist.structure-definition.iphone.info-plist"; sourceTree = "<group>"; };
/* End PBXFileReference section */

/* Begin PBXFrameworksBuildPhase section */
		1D60588F0D05DD3D006BFB54 /* Frameworks */ = {
			isa = PBXFrameworksBuildPhase;
			buildActionMask = 2147483647;
			files = (
				7B1AC2692335AB2000B6F06A /* XibLoc in Frameworks */,
				7B1AC2632335AABB00B6F06A /* KVObserver in Frameworks */,
				7BC43307233624DD00C59752 /* CollectionAndTableViewUpdateConveniences in Frameworks */,
				7B1AC2662335AAD600B6F06A /* RetryingOperation in Frameworks */,
				288765590DF743DE002DB57D /* CoreGraphics.framework in Frameworks */,
				0FBBCBA9100A9F67003679A8 /* CoreLocation.framework in Frameworks */,
				1D60589F0D05DD5A006BFB54 /* Foundation.framework in Frameworks */,
				0FB4B0FC10074B20005292C4 /* MapKit.framework in Frameworks */,
				1DF5F4E00D08C38300B7A737 /* UIKit.framework in Frameworks */,
			);
			runOnlyForDeploymentPostprocessing = 0;
		};
/* End PBXFrameworksBuildPhase section */

/* Begin PBXGroup section */
		0F2B6084102842C500FC0595 /* Recordings List */ = {
			isa = PBXGroup;
			children = (
				7B5108F622BA57E60038CEAC /* RecordingsListViewController.swift */,
				7B08CFC522BA96AF00BE6E3F /* RecordingDetailsViewController.swift */,
			);
			path = "Recordings List";
			sourceTree = "<group>";
		};
		0F6F2FF410175F33006C7495 /* Model */ = {
			isa = PBXGroup;
			children = (
				7BAE22DC22DB75C000AB6C33 /* Model.xcdatamodeld */,
				7B259ED622EFA14800011A3D /* ManagedObject Extensions */,
			);
			path = Model;
			sourceTree = "<group>";
		};
		19C28FACFE9D520D11CA2CBB /* Products */ = {
			isa = PBXGroup;
			children = (
				1D6058910D05DD3D006BFB54 /* GPS Stone.app */,
			);
			name = Products;
			sourceTree = "<group>";
		};
		281C6CD70DB2D82200F60ACC /* Settings View */ = {
			isa = PBXGroup;
			children = (
				7B0F344B22BA9DFA00F0F9EC /* SettingsViewController.swift */,
			);
			path = "Settings View";
			sourceTree = "<group>";
		};
		289233A00DB2D0730083E9F9 /* Main View */ = {
			isa = PBXGroup;
			children = (
				0F34802810089A9700E88124 /* Obs_MapViewController.h */,
				0F34802910089A9700E88124 /* Obs_MapViewController.m */,
				7BEED1BE22B6C0F700A055B9 /* MainViewController.swift */,
				7B23D9B922B90BB20007BA61 /* InfoViewController.swift */,
				7BD0A05822B9576500934656 /* DetailsViewController.swift */,
				7B1024FC22BA19A7008BF119 /* MapViewController.swift */,
			);
			path = "Main View";
			sourceTree = "<group>";
		};
		29B97314FDCFA39411CA2CEA /* CustomTemplate */ = {
			isa = PBXGroup;
			children = (
				7B94D1EB22A0389400848832 /* Readme.md */,
				7BA2A5EA1F2E013A0014603B /* Test Recording.gpx */,
				7B27B9311DCF3D81006F44B7 /* GPS Stone */,
				29B97323FDCFA39411CA2CEA /* Frameworks */,
				19C28FACFE9D520D11CA2CBB /* Products */,
				7BB90DCA248BFF4E001ED9E7 /* Scripts */,
			);
			name = CustomTemplate;
			sourceTree = "<group>";
		};
		29B97323FDCFA39411CA2CEA /* Frameworks */ = {
			isa = PBXGroup;
			children = (
				0F48CE7C1029AF9D008C524D /* AddressBook.framework */,
				0F48CE5D1029AD88008C524D /* AddressBookUI.framework */,
				288765580DF743DE002DB57D /* CoreGraphics.framework */,
				0FBBCBA8100A9F67003679A8 /* CoreLocation.framework */,
				1D30AB110D05D00D00671497 /* Foundation.framework */,
				0FB4B0FB10074B20005292C4 /* MapKit.framework */,
				0FA3D1DC10302ED80098760F /* MessageUI.framework */,
				1DF5F4DF0D08C38300B7A737 /* UIKit.framework */,
			);
			name = Frameworks;
			sourceTree = "<group>";
		};
		7B259ED622EFA14800011A3D /* ManagedObject Extensions */ = {
			isa = PBXGroup;
			children = (
				7BEF77FB22EFA23B001B79DB /* Recording+Utils.swift */,
				7B75989B246EF7BA00BC7EB1 /* TimeSegment+Utils.swift */,
			);
			path = "ManagedObject Extensions";
			sourceTree = "<group>";
		};
		7B27B9311DCF3D81006F44B7 /* GPS Stone */ = {
			isa = PBXGroup;
			children = (
				7B96A7CA229F1B5300267DBD /* GPS Stone.entitlements */,
				7B27B9321DCF3DC6006F44B7 /* Utilities */,
				7B27B9331DCF3DE5006F44B7 /* Heart */,
				0F6F2FF410175F33006C7495 /* Model */,
				7B27B9341DCF3DEC006F44B7 /* Views & Controllers */,
				7B27B9351DCF3E03006F44B7 /* Supporting Files */,
			);
			path = "GPS Stone";
			sourceTree = "<group>";
		};
		7B27B9321DCF3DC6006F44B7 /* Utilities */ = {
			isa = PBXGroup;
			children = (
				7B44879F247199CC00B6DB7B /* Utils.swift */,
				7B4487A224719ADF00B6DB7B /* Utils+UI.swift */,
				7B4487A424719C5000B6DB7B /* Utils+Language.swift */,
				7B4487A62471CA1100B6DB7B /* GPSStoneLocTokens.swift */,
				0F79F69E10203DAE00AF7FF1 /* VSOUtils.h */,
				0F79F69F10203DAE00AF7FF1 /* VSOUtils.m */,
			);
			path = Utilities;
			sourceTree = "<group>";
		};
		7B27B9331DCF3DE5006F44B7 /* Heart */ = {
			isa = PBXGroup;
			children = (
				7B94D1E322A0172700848832 /* Application Lifecycle */,
				7B94D1E422A0190100848832 /* Services */,
			);
			path = Heart;
			sourceTree = "<group>";
		};
		7B27B9341DCF3DEC006F44B7 /* Views & Controllers */ = {
			isa = PBXGroup;
			children = (
				7B482CE41DCA95F4007B5ABC /* LaunchScreen.storyboard */,
				7B482CE81DCA975F007B5ABC /* Main.storyboard */,
				289233A00DB2D0730083E9F9 /* Main View */,
				0F2B6084102842C500FC0595 /* Recordings List */,
				281C6CD70DB2D82200F60ACC /* Settings View */,
			);
			path = "Views & Controllers";
			sourceTree = "<group>";
		};
		7B27B9351DCF3E03006F44B7 /* Supporting Files */ = {
			isa = PBXGroup;
			children = (
				7B27B9361DCF3E3D006F44B7 /* Localizables */,
				7B27B9281DCDF6B1006F44B7 /* Assets.xcassets */,
				8D1107310486CEB800E47090 /* GPSStone-Info.plist */,
			);
			path = "Supporting Files";
			sourceTree = "<group>";
		};
		7B27B9361DCF3E3D006F44B7 /* Localizables */ = {
			isa = PBXGroup;
			children = (
				7BB90DC9248BECFD001ED9E7 /* Obs_Localizable.strings */,
				7B482CDF1DCA8ADD007B5ABC /* Localizable.strings */,
				7B28FFDA2476E9590063E26A /* InfoPlist.strings */,
			);
			path = Localizables;
			sourceTree = "<group>";
		};
		7B94D1E322A0172700848832 /* Application Lifecycle */ = {
			isa = PBXGroup;
			children = (
				7B94D1E122A0169600848832 /* AppDelegate.swift */,
			);
			path = "Application Lifecycle";
			sourceTree = "<group>";
		};
		7B94D1E422A0190100848832 /* Services */ = {
			isa = PBXGroup;
			children = (
				7B94D1E522A0191700848832 /* ServicesProvider.swift */,
				7B94D1E722A0194100848832 /* Constants.swift */,
				7B94D1E922A0197900848832 /* AppSettings.swift */,
				7B06D3A822EC8D27000D31B9 /* DataHandler.swift */,
				7B93E38122A184ED00709971 /* LocationRecorder.swift */,
				7BE9FF9C22AC1BC6006DED15 /* RecordingsManager.swift */,
			);
			path = Services;
			sourceTree = "<group>";
		};
/* End PBXGroup section */

/* Begin PBXNativeTarget section */
		1D6058900D05DD3D006BFB54 /* GPS Stone */ = {
			isa = PBXNativeTarget;
			buildConfigurationList = 1D6058960D05DD3E006BFB54 /* Build configuration list for PBXNativeTarget "GPS Stone" */;
			buildPhases = (
				1D60588D0D05DD3D006BFB54 /* Resources */,
				1D60588E0D05DD3D006BFB54 /* Sources */,
				1D60588F0D05DD3D006BFB54 /* Frameworks */,
			);
			buildRules = (
			);
			dependencies = (
			);
			name = "GPS Stone";
			packageProductDependencies = (
				7B1AC2622335AABB00B6F06A /* KVObserver */,
				7B1AC2652335AAD600B6F06A /* RetryingOperation */,
				7B1AC2682335AB2000B6F06A /* XibLoc */,
				7BC43306233624DD00C59752 /* CollectionAndTableViewUpdateConveniences */,
			);
			productName = "GPS Recorder";
			productReference = 1D6058910D05DD3D006BFB54 /* GPS Stone.app */;
			productType = "com.apple.product-type.application";
		};
/* End PBXNativeTarget section */

/* Begin PBXProject section */
		29B97313FDCFA39411CA2CEA /* Project object */ = {
			isa = PBXProject;
			attributes = {
				LastUpgradeCheck = 1020;
				ORGANIZATIONNAME = "Frost Land";
				TargetAttributes = {
					1D6058900D05DD3D006BFB54 = {
						LastSwiftMigration = 1020;
						SystemCapabilities = {
							com.apple.BackgroundModes = {
								enabled = 1;
							};
							com.apple.Keychain = {
								enabled = 0;
							};
						};
					};
				};
			};
			buildConfigurationList = C01FCF4E08A954540054247B /* Build configuration list for PBXProject "GPS Stone" */;
			compatibilityVersion = "Xcode 8.0";
			developmentRegion = en;
			hasScannedForEncodings = 1;
			knownRegions = (
				en,
				Base,
			);
			mainGroup = 29B97314FDCFA39411CA2CEA /* CustomTemplate */;
			packageReferences = (
				7B1AC2612335AABB00B6F06A /* XCRemoteSwiftPackageReference "KVObserver" */,
				7B1AC2642335AAD600B6F06A /* XCRemoteSwiftPackageReference "RetryingOperation" */,
				7B1AC2672335AB2000B6F06A /* XCRemoteSwiftPackageReference "XibLoc" */,
				7BC43305233624DD00C59752 /* XCRemoteSwiftPackageReference "CollectionAndTableViewUpdateConveniences" */,
			);
			projectDirPath = "";
			projectRoot = "";
			targets = (
				1D6058900D05DD3D006BFB54 /* GPS Stone */,
			);
		};
/* End PBXProject section */

/* Begin PBXResourcesBuildPhase section */
		1D60588D0D05DD3D006BFB54 /* Resources */ = {
			isa = PBXResourcesBuildPhase;
			buildActionMask = 2147483647;
			files = (
				7B28FFD82476E9590063E26A /* InfoPlist.strings in Resources */,
				7B482CE61DCA975F007B5ABC /* Main.storyboard in Resources */,
				7B482CE11DCA8ADD007B5ABC /* Localizable.strings in Resources */,
				7B482CE51DCA95F4007B5ABC /* LaunchScreen.storyboard in Resources */,
				7BB90DC7248BECFD001ED9E7 /* Obs_Localizable.strings in Resources */,
				7B27B9291DCDF6B1006F44B7 /* Assets.xcassets in Resources */,
			);
			runOnlyForDeploymentPostprocessing = 0;
		};
/* End PBXResourcesBuildPhase section */

/* Begin PBXSourcesBuildPhase section */
		1D60588E0D05DD3D006BFB54 /* Sources */ = {
			isa = PBXSourcesBuildPhase;
			buildActionMask = 2147483647;
			files = (
				7B1024FD22BA19A7008BF119 /* MapViewController.swift in Sources */,
				7BEF77FC22EFA23B001B79DB /* Recording+Utils.swift in Sources */,
				7BE9FF9D22AC1BC6006DED15 /* RecordingsManager.swift in Sources */,
				7B4487A324719ADF00B6DB7B /* Utils+UI.swift in Sources */,
				7B94D1E222A0169600848832 /* AppDelegate.swift in Sources */,
				7B4487A0247199CC00B6DB7B /* Utils.swift in Sources */,
				7B06D3A922EC8D27000D31B9 /* DataHandler.swift in Sources */,
				7B94D1E822A0194100848832 /* Constants.swift in Sources */,
				7B08CFC622BA96AF00BE6E3F /* RecordingDetailsViewController.swift in Sources */,
				7B93E38222A184ED00709971 /* LocationRecorder.swift in Sources */,
				7B5108F722BA57E60038CEAC /* RecordingsListViewController.swift in Sources */,
				7BEED1BF22B6C0F700A055B9 /* MainViewController.swift in Sources */,
				7B23D9BA22B90BB20007BA61 /* InfoViewController.swift in Sources */,
				7B75989C246EF7BA00BC7EB1 /* TimeSegment+Utils.swift in Sources */,
				7B4487A1247199EA00B6DB7B /* VSOUtils.m in Sources */,
				7BAE22DE22DB75C000AB6C33 /* Model.xcdatamodeld in Sources */,
				7B0F344C22BA9DFA00F0F9EC /* SettingsViewController.swift in Sources */,
				7B94D1E622A0191700848832 /* ServicesProvider.swift in Sources */,
				7B4487A524719C5000B6DB7B /* Utils+Language.swift in Sources */,
				7B4487A72471CA1100B6DB7B /* GPSStoneLocTokens.swift in Sources */,
				7B94D1EA22A0197900848832 /* AppSettings.swift in Sources */,
				7BD0A05922B9576500934656 /* DetailsViewController.swift in Sources */,
			);
			runOnlyForDeploymentPostprocessing = 0;
		};
/* End PBXSourcesBuildPhase section */

/* Begin PBXVariantGroup section */
		7B28FFDA2476E9590063E26A /* InfoPlist.strings */ = {
			isa = PBXVariantGroup;
			children = (
				7B28FFD92476E9590063E26A /* en */,
			);
			name = InfoPlist.strings;
			sourceTree = "<group>";
		};
		7B482CDF1DCA8ADD007B5ABC /* Localizable.strings */ = {
			isa = PBXVariantGroup;
			children = (
				7B482CE01DCA8ADD007B5ABC /* en */,
			);
			name = Localizable.strings;
			sourceTree = "<group>";
		};
		7B482CE81DCA975F007B5ABC /* Main.storyboard */ = {
			isa = PBXVariantGroup;
			children = (
				7B482CE91DCA976E007B5ABC /* Base */,
				7B9CD98F2481296200CF4E14 /* en */,
			);
			name = Main.storyboard;
			sourceTree = "<group>";
		};
		7BB90DC9248BECFD001ED9E7 /* Obs_Localizable.strings */ = {
			isa = PBXVariantGroup;
			children = (
				7BB90DC8248BECFD001ED9E7 /* en */,
			);
			name = Obs_Localizable.strings;
			sourceTree = "<group>";
		};
/* End PBXVariantGroup section */

/* Begin XCBuildConfiguration section */
		1D6058940D05DD3E006BFB54 /* Debug */ = {
			isa = XCBuildConfiguration;
			buildSettings = {
				ALWAYS_SEARCH_USER_PATHS = NO;
				ASSETCATALOG_COMPILER_APPICON_NAME = AppIcon;
				CLANG_ENABLE_MODULES = YES;
				CODE_SIGN_ENTITLEMENTS = "GPS Stone/GPS Stone.entitlements";
				CODE_SIGN_IDENTITY = "Apple Development";
				CODE_SIGN_STYLE = Automatic;
				COPY_PHASE_STRIP = NO;
				CURRENT_PROJECT_VERSION = 8;
				DEVELOPMENT_TEAM = DVL8GW97S8;
				GCC_DYNAMIC_NO_PIC = NO;
				GCC_OPTIMIZATION_LEVEL = 0;
				GCC_PRECOMPILE_PREFIX_HEADER = YES;
				INFOPLIST_FILE = "GPS Stone/Supporting Files/GPSStone-Info.plist";
				LD_RUNPATH_SEARCH_PATHS = (
					"$(inherited)",
					"@executable_path/Frameworks",
				);
				MARKETING_VERSION = 4.5;
				PRODUCT_BUNDLE_IDENTIFIER = "fr.vso-software.GPSStoneTripRecorder";
				PRODUCT_NAME = "GPS Stone";
				PROVISIONING_PROFILE_SPECIFIER = "";
				SWIFT_OPTIMIZATION_LEVEL = "-Onone";
				SWIFT_VERSION = 5.0;
			};
			name = Debug;
		};
		1D6058950D05DD3E006BFB54 /* Release */ = {
			isa = XCBuildConfiguration;
			buildSettings = {
				ALWAYS_SEARCH_USER_PATHS = NO;
				ASSETCATALOG_COMPILER_APPICON_NAME = AppIcon;
				CLANG_ENABLE_MODULES = YES;
				CODE_SIGN_ENTITLEMENTS = "GPS Stone/GPS Stone.entitlements";
				CODE_SIGN_IDENTITY = "Apple Development";
				CODE_SIGN_STYLE = Automatic;
				COPY_PHASE_STRIP = YES;
				CURRENT_PROJECT_VERSION = 8;
				DEVELOPMENT_TEAM = DVL8GW97S8;
				GCC_PRECOMPILE_PREFIX_HEADER = YES;
				INFOPLIST_FILE = "GPS Stone/Supporting Files/GPSStone-Info.plist";
				LD_RUNPATH_SEARCH_PATHS = (
					"$(inherited)",
					"@executable_path/Frameworks",
				);
				MARKETING_VERSION = 4.5;
				PRODUCT_BUNDLE_IDENTIFIER = "fr.vso-software.GPSStoneTripRecorder";
				PRODUCT_NAME = "GPS Stone";
				PROVISIONING_PROFILE_SPECIFIER = "";
				SWIFT_VERSION = 5.0;
			};
			name = Release;
		};
		C01FCF4F08A954540054247B /* Debug */ = {
			isa = XCBuildConfiguration;
			buildSettings = {
				CLANG_ANALYZER_LOCALIZABILITY_NONLOCALIZED = YES;
				CLANG_ENABLE_OBJC_ARC = YES;
				CLANG_WARN_BLOCK_CAPTURE_AUTORELEASING = YES;
				CLANG_WARN_BOOL_CONVERSION = YES;
				CLANG_WARN_COMMA = YES;
				CLANG_WARN_CONSTANT_CONVERSION = YES;
				CLANG_WARN_DEPRECATED_OBJC_IMPLEMENTATIONS = YES;
				CLANG_WARN_EMPTY_BODY = YES;
				CLANG_WARN_ENUM_CONVERSION = YES;
				CLANG_WARN_INFINITE_RECURSION = YES;
				CLANG_WARN_INT_CONVERSION = YES;
				CLANG_WARN_NON_LITERAL_NULL_CONVERSION = YES;
				CLANG_WARN_OBJC_IMPLICIT_RETAIN_SELF = YES;
				CLANG_WARN_OBJC_LITERAL_CONVERSION = YES;
				CLANG_WARN_RANGE_LOOP_ANALYSIS = YES;
				CLANG_WARN_STRICT_PROTOTYPES = YES;
				CLANG_WARN_SUSPICIOUS_MOVE = YES;
				CLANG_WARN_UNREACHABLE_CODE = YES;
				CLANG_WARN__DUPLICATE_METHOD_MATCH = YES;
				ENABLE_STRICT_OBJC_MSGSEND = YES;
				ENABLE_TESTABILITY = YES;
				GCC_C_LANGUAGE_STANDARD = c99;
				GCC_NO_COMMON_BLOCKS = YES;
				GCC_WARN_64_TO_32_BIT_CONVERSION = YES;
				GCC_WARN_ABOUT_RETURN_TYPE = YES;
				GCC_WARN_UNDECLARED_SELECTOR = YES;
				GCC_WARN_UNINITIALIZED_AUTOS = YES;
				GCC_WARN_UNUSED_FUNCTION = YES;
				GCC_WARN_UNUSED_VARIABLE = YES;
				IPHONEOS_DEPLOYMENT_TARGET = 8.0;
				ONLY_ACTIVE_ARCH = YES;
				SDKROOT = iphoneos;
			};
			name = Debug;
		};
		C01FCF5008A954540054247B /* Release */ = {
			isa = XCBuildConfiguration;
			buildSettings = {
				CLANG_ANALYZER_LOCALIZABILITY_NONLOCALIZED = YES;
				CLANG_ENABLE_OBJC_ARC = YES;
				CLANG_WARN_BLOCK_CAPTURE_AUTORELEASING = YES;
				CLANG_WARN_BOOL_CONVERSION = YES;
				CLANG_WARN_COMMA = YES;
				CLANG_WARN_CONSTANT_CONVERSION = YES;
				CLANG_WARN_DEPRECATED_OBJC_IMPLEMENTATIONS = YES;
				CLANG_WARN_EMPTY_BODY = YES;
				CLANG_WARN_ENUM_CONVERSION = YES;
				CLANG_WARN_INFINITE_RECURSION = YES;
				CLANG_WARN_INT_CONVERSION = YES;
				CLANG_WARN_NON_LITERAL_NULL_CONVERSION = YES;
				CLANG_WARN_OBJC_IMPLICIT_RETAIN_SELF = YES;
				CLANG_WARN_OBJC_LITERAL_CONVERSION = YES;
				CLANG_WARN_RANGE_LOOP_ANALYSIS = YES;
				CLANG_WARN_STRICT_PROTOTYPES = YES;
				CLANG_WARN_SUSPICIOUS_MOVE = YES;
				CLANG_WARN_UNREACHABLE_CODE = YES;
				CLANG_WARN__DUPLICATE_METHOD_MATCH = YES;
				ENABLE_STRICT_OBJC_MSGSEND = YES;
				GCC_C_LANGUAGE_STANDARD = c99;
				GCC_NO_COMMON_BLOCKS = YES;
				GCC_PREPROCESSOR_DEFINITIONS = NDEBUG;
				GCC_WARN_64_TO_32_BIT_CONVERSION = YES;
				GCC_WARN_ABOUT_RETURN_TYPE = YES;
				GCC_WARN_UNDECLARED_SELECTOR = YES;
				GCC_WARN_UNINITIALIZED_AUTOS = YES;
				GCC_WARN_UNUSED_FUNCTION = YES;
				GCC_WARN_UNUSED_VARIABLE = YES;
				IPHONEOS_DEPLOYMENT_TARGET = 8.0;
				SDKROOT = iphoneos;
				SWIFT_COMPILATION_MODE = wholemodule;
			};
			name = Release;
		};
/* End XCBuildConfiguration section */

/* Begin XCConfigurationList section */
		1D6058960D05DD3E006BFB54 /* Build configuration list for PBXNativeTarget "GPS Stone" */ = {
			isa = XCConfigurationList;
			buildConfigurations = (
				1D6058940D05DD3E006BFB54 /* Debug */,
				1D6058950D05DD3E006BFB54 /* Release */,
			);
			defaultConfigurationIsVisible = 0;
			defaultConfigurationName = Release;
		};
		C01FCF4E08A954540054247B /* Build configuration list for PBXProject "GPS Stone" */ = {
			isa = XCConfigurationList;
			buildConfigurations = (
				C01FCF4F08A954540054247B /* Debug */,
				C01FCF5008A954540054247B /* Release */,
			);
			defaultConfigurationIsVisible = 0;
			defaultConfigurationName = Release;
		};
/* End XCConfigurationList section */

/* Begin XCRemoteSwiftPackageReference section */
		7B1AC2612335AABB00B6F06A /* XCRemoteSwiftPackageReference "KVObserver" */ = {
			isa = XCRemoteSwiftPackageReference;
			repositoryURL = "git@github.com:happn-tech/KVObserver.git";
			requirement = {
				kind = upToNextMajorVersion;
				minimumVersion = 0.9.4;
			};
		};
		7B1AC2642335AAD600B6F06A /* XCRemoteSwiftPackageReference "RetryingOperation" */ = {
			isa = XCRemoteSwiftPackageReference;
			repositoryURL = "git@github.com:happn-tech/RetryingOperation.git";
			requirement = {
				kind = upToNextMajorVersion;
				minimumVersion = 1.1.4;
			};
		};
		7B1AC2672335AB2000B6F06A /* XCRemoteSwiftPackageReference "XibLoc" */ = {
			isa = XCRemoteSwiftPackageReference;
			repositoryURL = "git@github.com:happn-tech/XibLoc.git";
			requirement = {
				kind = upToNextMajorVersion;
				minimumVersion = 1.0.0;
			};
		};
		7BC43305233624DD00C59752 /* XCRemoteSwiftPackageReference "CollectionAndTableViewUpdateConveniences" */ = {
			isa = XCRemoteSwiftPackageReference;
			repositoryURL = "git@github.com:happn-tech/CollectionAndTableViewUpdateConveniences.git";
			requirement = {
				kind = upToNextMajorVersion;
				minimumVersion = 1.0.2;
			};
		};
/* End XCRemoteSwiftPackageReference section */

/* Begin XCSwiftPackageProductDependency section */
		7B1AC2622335AABB00B6F06A /* KVObserver */ = {
			isa = XCSwiftPackageProductDependency;
			package = 7B1AC2612335AABB00B6F06A /* XCRemoteSwiftPackageReference "KVObserver" */;
			productName = KVObserver;
		};
		7B1AC2652335AAD600B6F06A /* RetryingOperation */ = {
			isa = XCSwiftPackageProductDependency;
			package = 7B1AC2642335AAD600B6F06A /* XCRemoteSwiftPackageReference "RetryingOperation" */;
			productName = RetryingOperation;
		};
		7B1AC2682335AB2000B6F06A /* XibLoc */ = {
			isa = XCSwiftPackageProductDependency;
			package = 7B1AC2672335AB2000B6F06A /* XCRemoteSwiftPackageReference "XibLoc" */;
			productName = XibLoc;
		};
		7BC43306233624DD00C59752 /* CollectionAndTableViewUpdateConveniences */ = {
			isa = XCSwiftPackageProductDependency;
			package = 7BC43305233624DD00C59752 /* XCRemoteSwiftPackageReference "CollectionAndTableViewUpdateConveniences" */;
			productName = CollectionAndTableViewUpdateConveniences;
		};
/* End XCSwiftPackageProductDependency section */

/* Begin XCVersionGroup section */
		7BAE22DC22DB75C000AB6C33 /* Model.xcdatamodeld */ = {
			isa = XCVersionGroup;
			children = (
				7BAE22DD22DB75C000AB6C33 /* Model.xcdatamodel */,
			);
			currentVersion = 7BAE22DD22DB75C000AB6C33 /* Model.xcdatamodel */;
			path = Model.xcdatamodeld;
			sourceTree = "<group>";
			versionGroupType = wrapper.xcdatamodel;
		};
/* End XCVersionGroup section */
	};
	rootObject = 29B97313FDCFA39411CA2CEA /* Project object */;
}
